
Microsoft Visual Studio Solution File, Format Version 12.00
# Visual Studio Version 17
VisualStudioVersion = 17.7.34031.279
MinimumVisualStudioVersion = 10.0.40219.1
Project("{FAE04EC0-301F-11D3-BF4B-00C04F79EFBC}") = "WebAPI_Project.API", "WebAPI_Project.API\WebAPI_Project.API.csproj", "{21BAD542-83AF-407A-9FB9-B469802DB899}"
EndProject
Global
	GlobalSection(SolutionConfigurationPlatforms) = preSolution
		Debug|Any CPU = Debug|Any CPU
		Release|Any CPU = Release|Any CPU
	EndGlobalSection
	GlobalSection(ProjectConfigurationPlatforms) = postSolution
		{21BAD542-83AF-407A-9FB9-B469802DB899}.Debug|Any CPU.ActiveCfg = Debug|Any CPU
		{21BAD542-83AF-407A-9FB9-B469802DB899}.Debug|Any CPU.Build.0 = Debug|Any CPU
		{21BAD542-83AF-407A-9FB9-B469802DB899}.Release|Any CPU.ActiveCfg = Release|Any CPU
		{21BAD542-83AF-407A-9FB9-B469802DB899}.Release|Any CPU.Build.0 = Release|Any CPU
	EndGlobalSection
	GlobalSection(SolutionProperties) = preSolution
		HideSolutionNode = FALSE
	EndGlobalSection
	GlobalSection(ExtensibilityGlobals) = postSolution
		SolutionGuid = {1CA46218-79FE-481C-96BB-4BDA2DC2CA7B}
	EndGlobalSection
EndGlobal
